
Microsoft Visual Studio Solution File, Format Version 12.00
# Visual Studio Version 17
VisualStudioVersion = 17.9.34310.174
MinimumVisualStudioVersion = 10.0.40219.1
Project("{FAE04EC0-301F-11D3-BF4B-00C04F79EFBC}") = "CRUDWebApi", "CRUDWebApi\CRUDWebApi.csproj", "{B2FA907D-C794-4BDA-91D4-600E3614BF0F}"
EndProject
Global
	GlobalSection(SolutionConfigurationPlatforms) = preSolution
		Debug|Any CPU = Debug|Any CPU
		Release|Any CPU = Release|Any CPU
	EndGlobalSection
	GlobalSection(ProjectConfigurationPlatforms) = postSolution
		{B2FA907D-C794-4BDA-91D4-600E3614BF0F}.Debug|Any CPU.ActiveCfg = Debug|Any CPU
		{B2FA907D-C794-4BDA-91D4-600E3614BF0F}.Debug|Any CPU.Build.0 = Debug|Any CPU
		{B2FA907D-C794-4BDA-91D4-600E3614BF0F}.Release|Any CPU.ActiveCfg = Release|Any CPU
		{B2FA907D-C794-4BDA-91D4-600E3614BF0F}.Release|Any CPU.Build.0 = Release|Any CPU
	EndGlobalSection
	GlobalSection(SolutionProperties) = preSolution
		HideSolutionNode = FALSE
	EndGlobalSection
	GlobalSection(ExtensibilityGlobals) = postSolution
		SolutionGuid = {34D2EF31-F213-4817-9E55-B5007904E6D7}
	EndGlobalSection
EndGlobal
